// !$*UTF8*$!
{
	archiveVersion = 1;
	classes = {
	};
	objectVersion = 50;
	objects = {

/* Begin PBXBuildFile section */
		0D2C05A091552E5A53DD66B3 /* Pods_wciscTests.framework in Frameworks */ = {isa = PBXBuildFile; fileRef = 38901C7F8DD1440B7DC83D87 /* Pods_wciscTests.framework */; };
		270DA9FC24006B7900E41C3E /* SettingsTableViewController.swift in Sources */ = {isa = PBXBuildFile; fileRef = 270DA9FB24006B7900E41C3E /* SettingsTableViewController.swift */; };
		27160E1F23FEE8B7000CEF54 /* InfusionLogTableViewCell.swift in Sources */ = {isa = PBXBuildFile; fileRef = 27160E1E23FEE8B7000CEF54 /* InfusionLogTableViewCell.swift */; };
		272CF54F24003B6E0069227B /* Extensions.swift in Sources */ = {isa = PBXBuildFile; fileRef = 272CF54E24003B6E0069227B /* Extensions.swift */; };
		272CF55124003CD80069227B /* InfusionLogTableViewController.swift in Sources */ = {isa = PBXBuildFile; fileRef = 272CF55024003CD80069227B /* InfusionLogTableViewController.swift */; };
		272CF55324003D270069227B /* DataManager.swift in Sources */ = {isa = PBXBuildFile; fileRef = 272CF55224003D270069227B /* DataManager.swift */; };
		272CF5582400414F0069227B /* ManagedInfusionConfiguration+CoreDataClass.swift in Sources */ = {isa = PBXBuildFile; fileRef = 272CF5542400414F0069227B /* ManagedInfusionConfiguration+CoreDataClass.swift */; };
		272CF5592400414F0069227B /* ManagedInfusionConfiguration+CoreDataProperties.swift in Sources */ = {isa = PBXBuildFile; fileRef = 272CF5552400414F0069227B /* ManagedInfusionConfiguration+CoreDataProperties.swift */; };
		272CF55A2400414F0069227B /* ManagedInfusionLog+CoreDataClass.swift in Sources */ = {isa = PBXBuildFile; fileRef = 272CF5562400414F0069227B /* ManagedInfusionLog+CoreDataClass.swift */; };
		272CF55B2400414F0069227B /* ManagedInfusionLog+CoreDataProperties.swift in Sources */ = {isa = PBXBuildFile; fileRef = 272CF5572400414F0069227B /* ManagedInfusionLog+CoreDataProperties.swift */; };
		272CF55E240043AD0069227B /* Errors.swift in Sources */ = {isa = PBXBuildFile; fileRef = 272CF55D240043AD0069227B /* Errors.swift */; };
		273EC21123FDDDA3006D6042 /* Structures.swift in Sources */ = {isa = PBXBuildFile; fileRef = 273EC21023FDDDA3006D6042 /* Structures.swift */; };
		273EC21323FDF32A006D6042 /* SynchronizeViewController.swift in Sources */ = {isa = PBXBuildFile; fileRef = 273EC21223FDF32A006D6042 /* SynchronizeViewController.swift */; };
		27DBDE6824098AC4005700CF /* BluetoothManager.swift in Sources */ = {isa = PBXBuildFile; fileRef = 27DBDE6724098AC4005700CF /* BluetoothManager.swift */; };
		27E66EC523EB1F32009E4327 /* AppDelegate.swift in Sources */ = {isa = PBXBuildFile; fileRef = 27E66EC423EB1F32009E4327 /* AppDelegate.swift */; };
		27E66EC723EB1F32009E4327 /* SceneDelegate.swift in Sources */ = {isa = PBXBuildFile; fileRef = 27E66EC623EB1F32009E4327 /* SceneDelegate.swift */; };
		27E66ECC23EB1F32009E4327 /* Main.storyboard in Resources */ = {isa = PBXBuildFile; fileRef = 27E66ECA23EB1F32009E4327 /* Main.storyboard */; };
		27E66ECF23EB1F32009E4327 /* wcisc.xcdatamodeld in Sources */ = {isa = PBXBuildFile; fileRef = 27E66ECD23EB1F32009E4327 /* wcisc.xcdatamodeld */; };
		27E66ED123EB1F3A009E4327 /* Assets.xcassets in Resources */ = {isa = PBXBuildFile; fileRef = 27E66ED023EB1F3A009E4327 /* Assets.xcassets */; };
		27E66ED423EB1F3A009E4327 /* LaunchScreen.storyboard in Resources */ = {isa = PBXBuildFile; fileRef = 27E66ED223EB1F3A009E4327 /* LaunchScreen.storyboard */; };
		27E66EDF23EB1F3A009E4327 /* wciscTests.swift in Sources */ = {isa = PBXBuildFile; fileRef = 27E66EDE23EB1F3A009E4327 /* wciscTests.swift */; };
		27E66EEA23EB1F3A009E4327 /* wciscUITests.swift in Sources */ = {isa = PBXBuildFile; fileRef = 27E66EE923EB1F3A009E4327 /* wciscUITests.swift */; };
		34FCD8AC753DDAD0922BF8C2 /* Pods_wciscUITests.framework in Frameworks */ = {isa = PBXBuildFile; fileRef = 8C8B4749477138B7A55DE2BC /* Pods_wciscUITests.framework */; };
		479E69B5D833D66AB46B1AEB /* Pods_wcisc.framework in Frameworks */ = {isa = PBXBuildFile; fileRef = 4DD1BFC7FAC9E0F8958A0CF6 /* Pods_wcisc.framework */; };
/* End PBXBuildFile section */

/* Begin PBXContainerItemProxy section */
		27E66EDB23EB1F3A009E4327 /* PBXContainerItemProxy */ = {
			isa = PBXContainerItemProxy;
			containerPortal = 27E66EB923EB1F32009E4327 /* Project object */;
			proxyType = 1;
			remoteGlobalIDString = 27E66EC023EB1F32009E4327;
			remoteInfo = wcisc;
		};
		27E66EE623EB1F3A009E4327 /* PBXContainerItemProxy */ = {
			isa = PBXContainerItemProxy;
			containerPortal = 27E66EB923EB1F32009E4327 /* Project object */;
			proxyType = 1;
			remoteGlobalIDString = 27E66EC023EB1F32009E4327;
			remoteInfo = wcisc;
		};
/* End PBXContainerItemProxy section */

/* Begin PBXFileReference section */
		19071C48FF2C6C08A3EAB3F0 /* Pods-wciscUITests.release.xcconfig */ = {isa = PBXFileReference; includeInIndex = 1; lastKnownFileType = text.xcconfig; name = "Pods-wciscUITests.release.xcconfig"; path = "Target Support Files/Pods-wciscUITests/Pods-wciscUITests.release.xcconfig"; sourceTree = "<group>"; };
		270DA9FB24006B7900E41C3E /* SettingsTableViewController.swift */ = {isa = PBXFileReference; lastKnownFileType = sourcecode.swift; path = SettingsTableViewController.swift; sourceTree = "<group>"; };
		27160E1E23FEE8B7000CEF54 /* InfusionLogTableViewCell.swift */ = {isa = PBXFileReference; lastKnownFileType = sourcecode.swift; path = InfusionLogTableViewCell.swift; sourceTree = "<group>"; };
		272CF54E24003B6E0069227B /* Extensions.swift */ = {isa = PBXFileReference; lastKnownFileType = sourcecode.swift; path = Extensions.swift; sourceTree = "<group>"; };
		272CF55024003CD80069227B /* InfusionLogTableViewController.swift */ = {isa = PBXFileReference; lastKnownFileType = sourcecode.swift; path = InfusionLogTableViewController.swift; sourceTree = "<group>"; };
		272CF55224003D270069227B /* DataManager.swift */ = {isa = PBXFileReference; lastKnownFileType = sourcecode.swift; path = DataManager.swift; sourceTree = "<group>"; };
		272CF5542400414F0069227B /* ManagedInfusionConfiguration+CoreDataClass.swift */ = {isa = PBXFileReference; lastKnownFileType = sourcecode.swift; path = "ManagedInfusionConfiguration+CoreDataClass.swift"; sourceTree = "<group>"; };
		272CF5552400414F0069227B /* ManagedInfusionConfiguration+CoreDataProperties.swift */ = {isa = PBXFileReference; lastKnownFileType = sourcecode.swift; path = "ManagedInfusionConfiguration+CoreDataProperties.swift"; sourceTree = "<group>"; };
		272CF5562400414F0069227B /* ManagedInfusionLog+CoreDataClass.swift */ = {isa = PBXFileReference; lastKnownFileType = sourcecode.swift; path = "ManagedInfusionLog+CoreDataClass.swift"; sourceTree = "<group>"; };
		272CF5572400414F0069227B /* ManagedInfusionLog+CoreDataProperties.swift */ = {isa = PBXFileReference; lastKnownFileType = sourcecode.swift; path = "ManagedInfusionLog+CoreDataProperties.swift"; sourceTree = "<group>"; };
		272CF55D240043AD0069227B /* Errors.swift */ = {isa = PBXFileReference; lastKnownFileType = sourcecode.swift; path = Errors.swift; sourceTree = "<group>"; };
		273EC21023FDDDA3006D6042 /* Structures.swift */ = {isa = PBXFileReference; lastKnownFileType = sourcecode.swift; path = Structures.swift; sourceTree = "<group>"; };
		273EC21223FDF32A006D6042 /* SynchronizeViewController.swift */ = {isa = PBXFileReference; lastKnownFileType = sourcecode.swift; path = SynchronizeViewController.swift; sourceTree = "<group>"; };
		27DBDE6724098AC4005700CF /* BluetoothManager.swift */ = {isa = PBXFileReference; lastKnownFileType = sourcecode.swift; path = BluetoothManager.swift; sourceTree = "<group>"; };
		27E66EC123EB1F32009E4327 /* wcisc.app */ = {isa = PBXFileReference; explicitFileType = wrapper.application; includeInIndex = 0; path = wcisc.app; sourceTree = BUILT_PRODUCTS_DIR; };
		27E66EC423EB1F32009E4327 /* AppDelegate.swift */ = {isa = PBXFileReference; lastKnownFileType = sourcecode.swift; path = AppDelegate.swift; sourceTree = "<group>"; };
		27E66EC623EB1F32009E4327 /* SceneDelegate.swift */ = {isa = PBXFileReference; lastKnownFileType = sourcecode.swift; path = SceneDelegate.swift; sourceTree = "<group>"; };
		27E66ECB23EB1F32009E4327 /* Base */ = {isa = PBXFileReference; lastKnownFileType = file.storyboard; name = Base; path = Base.lproj/Main.storyboard; sourceTree = "<group>"; };
		27E66ECE23EB1F32009E4327 /* wcisc.xcdatamodel */ = {isa = PBXFileReference; lastKnownFileType = wrapper.xcdatamodel; path = wcisc.xcdatamodel; sourceTree = "<group>"; };
		27E66ED023EB1F3A009E4327 /* Assets.xcassets */ = {isa = PBXFileReference; lastKnownFileType = folder.assetcatalog; path = Assets.xcassets; sourceTree = "<group>"; };
		27E66ED323EB1F3A009E4327 /* Base */ = {isa = PBXFileReference; lastKnownFileType = file.storyboard; name = Base; path = Base.lproj/LaunchScreen.storyboard; sourceTree = "<group>"; };
		27E66ED523EB1F3A009E4327 /* Info.plist */ = {isa = PBXFileReference; lastKnownFileType = text.plist.xml; path = Info.plist; sourceTree = "<group>"; };
		27E66EDA23EB1F3A009E4327 /* wciscTests.xctest */ = {isa = PBXFileReference; explicitFileType = wrapper.cfbundle; includeInIndex = 0; path = wciscTests.xctest; sourceTree = BUILT_PRODUCTS_DIR; };
		27E66EDE23EB1F3A009E4327 /* wciscTests.swift */ = {isa = PBXFileReference; lastKnownFileType = sourcecode.swift; path = wciscTests.swift; sourceTree = "<group>"; };
		27E66EE023EB1F3A009E4327 /* Info.plist */ = {isa = PBXFileReference; lastKnownFileType = text.plist.xml; path = Info.plist; sourceTree = "<group>"; };
		27E66EE523EB1F3A009E4327 /* wciscUITests.xctest */ = {isa = PBXFileReference; explicitFileType = wrapper.cfbundle; includeInIndex = 0; path = wciscUITests.xctest; sourceTree = BUILT_PRODUCTS_DIR; };
		27E66EE923EB1F3A009E4327 /* wciscUITests.swift */ = {isa = PBXFileReference; lastKnownFileType = sourcecode.swift; path = wciscUITests.swift; sourceTree = "<group>"; };
		27E66EEB23EB1F3A009E4327 /* Info.plist */ = {isa = PBXFileReference; lastKnownFileType = text.plist.xml; path = Info.plist; sourceTree = "<group>"; };
		36FE300256FDD7EC47148DE1 /* Pods-wcisc.release.xcconfig */ = {isa = PBXFileReference; includeInIndex = 1; lastKnownFileType = text.xcconfig; name = "Pods-wcisc.release.xcconfig"; path = "Target Support Files/Pods-wcisc/Pods-wcisc.release.xcconfig"; sourceTree = "<group>"; };
		38901C7F8DD1440B7DC83D87 /* Pods_wciscTests.framework */ = {isa = PBXFileReference; explicitFileType = wrapper.framework; includeInIndex = 0; path = Pods_wciscTests.framework; sourceTree = BUILT_PRODUCTS_DIR; };
		4DD1BFC7FAC9E0F8958A0CF6 /* Pods_wcisc.framework */ = {isa = PBXFileReference; explicitFileType = wrapper.framework; includeInIndex = 0; path = Pods_wcisc.framework; sourceTree = BUILT_PRODUCTS_DIR; };
		659292803DDDF25F8F4885CB /* Pods-wciscTests.debug.xcconfig */ = {isa = PBXFileReference; includeInIndex = 1; lastKnownFileType = text.xcconfig; name = "Pods-wciscTests.debug.xcconfig"; path = "Target Support Files/Pods-wciscTests/Pods-wciscTests.debug.xcconfig"; sourceTree = "<group>"; };
		8C8B4749477138B7A55DE2BC /* Pods_wciscUITests.framework */ = {isa = PBXFileReference; explicitFileType = wrapper.framework; includeInIndex = 0; path = Pods_wciscUITests.framework; sourceTree = BUILT_PRODUCTS_DIR; };
		975ACCA9E2B1659D5291A5D8 /* Pods-wcisc.debug.xcconfig */ = {isa = PBXFileReference; includeInIndex = 1; lastKnownFileType = text.xcconfig; name = "Pods-wcisc.debug.xcconfig"; path = "Target Support Files/Pods-wcisc/Pods-wcisc.debug.xcconfig"; sourceTree = "<group>"; };
		C17406A88CD1712201457B6A /* Pods-wciscUITests.debug.xcconfig */ = {isa = PBXFileReference; includeInIndex = 1; lastKnownFileType = text.xcconfig; name = "Pods-wciscUITests.debug.xcconfig"; path = "Target Support Files/Pods-wciscUITests/Pods-wciscUITests.debug.xcconfig"; sourceTree = "<group>"; };
		CB667FDE28CB9BC91CA442E6 /* Pods-wciscTests.release.xcconfig */ = {isa = PBXFileReference; includeInIndex = 1; lastKnownFileType = text.xcconfig; name = "Pods-wciscTests.release.xcconfig"; path = "Target Support Files/Pods-wciscTests/Pods-wciscTests.release.xcconfig"; sourceTree = "<group>"; };
/* End PBXFileReference section */

/* Begin PBXFrameworksBuildPhase section */
		27E66EBE23EB1F32009E4327 /* Frameworks */ = {
			isa = PBXFrameworksBuildPhase;
			buildActionMask = 2147483647;
			files = (
				479E69B5D833D66AB46B1AEB /* Pods_wcisc.framework in Frameworks */,
			);
			runOnlyForDeploymentPostprocessing = 0;
		};
		27E66ED723EB1F3A009E4327 /* Frameworks */ = {
			isa = PBXFrameworksBuildPhase;
			buildActionMask = 2147483647;
			files = (
				0D2C05A091552E5A53DD66B3 /* Pods_wciscTests.framework in Frameworks */,
			);
			runOnlyForDeploymentPostprocessing = 0;
		};
		27E66EE223EB1F3A009E4327 /* Frameworks */ = {
			isa = PBXFrameworksBuildPhase;
			buildActionMask = 2147483647;
			files = (
				34FCD8AC753DDAD0922BF8C2 /* Pods_wciscUITests.framework in Frameworks */,
			);
			runOnlyForDeploymentPostprocessing = 0;
		};
/* End PBXFrameworksBuildPhase section */

/* Begin PBXGroup section */
		13348E78E7E736EDDCED95AC /* Frameworks */ = {
			isa = PBXGroup;
			children = (
				4DD1BFC7FAC9E0F8958A0CF6 /* Pods_wcisc.framework */,
				38901C7F8DD1440B7DC83D87 /* Pods_wciscTests.framework */,
				8C8B4749477138B7A55DE2BC /* Pods_wciscUITests.framework */,
			);
			name = Frameworks;
			sourceTree = "<group>";
		};
		270DA9FA24006B5600E41C3E /* SettingsTableViewController */ = {
			isa = PBXGroup;
			children = (
				270DA9FB24006B7900E41C3E /* SettingsTableViewController.swift */,
			);
			path = SettingsTableViewController;
			sourceTree = "<group>";
		};
		272CF55C240043970069227B /* DataModel */ = {
			isa = PBXGroup;
			children = (
				27E66ECD23EB1F32009E4327 /* wcisc.xcdatamodeld */,
				272CF5542400414F0069227B /* ManagedInfusionConfiguration+CoreDataClass.swift */,
				272CF5552400414F0069227B /* ManagedInfusionConfiguration+CoreDataProperties.swift */,
				272CF5562400414F0069227B /* ManagedInfusionLog+CoreDataClass.swift */,
				272CF5572400414F0069227B /* ManagedInfusionLog+CoreDataProperties.swift */,
				272CF55224003D270069227B /* DataManager.swift */,
				273EC21023FDDDA3006D6042 /* Structures.swift */,
			);
			path = DataModel;
			sourceTree = "<group>";
		};
		273EC20F23FDDD80006D6042 /* Model */ = {
			isa = PBXGroup;
			children = (
				272CF55C240043970069227B /* DataModel */,
				27DBDE6724098AC4005700CF /* BluetoothManager.swift */,
				272CF54E24003B6E0069227B /* Extensions.swift */,
				272CF55D240043AD0069227B /* Errors.swift */,
			);
			path = Model;
			sourceTree = "<group>";
		};
		27DAAC0523FEDE6600091C4A /* SynchronizeViewController */ = {
			isa = PBXGroup;
			children = (
				273EC21223FDF32A006D6042 /* SynchronizeViewController.swift */,
			);
			path = SynchronizeViewController;
			sourceTree = "<group>";
		};
		27DAAC0623FEDE7C00091C4A /* InfusionLogViewController */ = {
			isa = PBXGroup;
			children = (
				272CF55024003CD80069227B /* InfusionLogTableViewController.swift */,
				27160E1E23FEE8B7000CEF54 /* InfusionLogTableViewCell.swift */,
			);
			path = InfusionLogViewController;
			sourceTree = "<group>";
		};
		27E66EB823EB1F32009E4327 = {
			isa = PBXGroup;
			children = (
				27E66EC323EB1F32009E4327 /* wcisc */,
				27E66EDD23EB1F3A009E4327 /* wciscTests */,
				27E66EE823EB1F3A009E4327 /* wciscUITests */,
				27E66EC223EB1F32009E4327 /* Products */,
				EBF740D6D6A1F00768D7BBE9 /* Pods */,
				13348E78E7E736EDDCED95AC /* Frameworks */,
			);
			sourceTree = "<group>";
		};
		27E66EC223EB1F32009E4327 /* Products */ = {
			isa = PBXGroup;
			children = (
				27E66EC123EB1F32009E4327 /* wcisc.app */,
				27E66EDA23EB1F3A009E4327 /* wciscTests.xctest */,
				27E66EE523EB1F3A009E4327 /* wciscUITests.xctest */,
			);
			name = Products;
			sourceTree = "<group>";
		};
		27E66EC323EB1F32009E4327 /* wcisc */ = {
			isa = PBXGroup;
			children = (
				27E66EC423EB1F32009E4327 /* AppDelegate.swift */,
				27E66EC623EB1F32009E4327 /* SceneDelegate.swift */,
				27E66ECA23EB1F32009E4327 /* Main.storyboard */,
				27E66ED223EB1F3A009E4327 /* LaunchScreen.storyboard */,
				27DAAC0523FEDE6600091C4A /* SynchronizeViewController */,
				27DAAC0623FEDE7C00091C4A /* InfusionLogViewController */,
				270DA9FA24006B5600E41C3E /* SettingsTableViewController */,
				27E66ED023EB1F3A009E4327 /* Assets.xcassets */,
				27E66ED523EB1F3A009E4327 /* Info.plist */,
				273EC20F23FDDD80006D6042 /* Model */,
			);
			path = wcisc;
			sourceTree = "<group>";
		};
		27E66EDD23EB1F3A009E4327 /* wciscTests */ = {
			isa = PBXGroup;
			children = (
				27E66EDE23EB1F3A009E4327 /* wciscTests.swift */,
				27E66EE023EB1F3A009E4327 /* Info.plist */,
			);
			path = wciscTests;
			sourceTree = "<group>";
		};
		27E66EE823EB1F3A009E4327 /* wciscUITests */ = {
			isa = PBXGroup;
			children = (
				27E66EE923EB1F3A009E4327 /* wciscUITests.swift */,
				27E66EEB23EB1F3A009E4327 /* Info.plist */,
			);
			path = wciscUITests;
			sourceTree = "<group>";
		};
		EBF740D6D6A1F00768D7BBE9 /* Pods */ = {
			isa = PBXGroup;
			children = (
				975ACCA9E2B1659D5291A5D8 /* Pods-wcisc.debug.xcconfig */,
				36FE300256FDD7EC47148DE1 /* Pods-wcisc.release.xcconfig */,
				659292803DDDF25F8F4885CB /* Pods-wciscTests.debug.xcconfig */,
				CB667FDE28CB9BC91CA442E6 /* Pods-wciscTests.release.xcconfig */,
				C17406A88CD1712201457B6A /* Pods-wciscUITests.debug.xcconfig */,
				19071C48FF2C6C08A3EAB3F0 /* Pods-wciscUITests.release.xcconfig */,
			);
			path = Pods;
			sourceTree = "<group>";
		};
/* End PBXGroup section */

/* Begin PBXNativeTarget section */
		27E66EC023EB1F32009E4327 /* wcisc */ = {
			isa = PBXNativeTarget;
			buildConfigurationList = 27E66EEE23EB1F3A009E4327 /* Build configuration list for PBXNativeTarget "wcisc" */;
			buildPhases = (
				4F9AAB0F9B549BF731719D42 /* [CP] Check Pods Manifest.lock */,
				27E66EBD23EB1F32009E4327 /* Sources */,
				27E66EBE23EB1F32009E4327 /* Frameworks */,
				27E66EBF23EB1F32009E4327 /* Resources */,
				C36E8F48A539AFBE05689BE7 /* [CP] Embed Pods Frameworks */,
			);
			buildRules = (
			);
			dependencies = (
			);
			name = wcisc;
			productName = wcisc;
			productReference = 27E66EC123EB1F32009E4327 /* wcisc.app */;
			productType = "com.apple.product-type.application";
		};
		27E66ED923EB1F3A009E4327 /* wciscTests */ = {
			isa = PBXNativeTarget;
			buildConfigurationList = 27E66EF123EB1F3A009E4327 /* Build configuration list for PBXNativeTarget "wciscTests" */;
			buildPhases = (
				9F20816E37A4DDDC48A230BA /* [CP] Check Pods Manifest.lock */,
				27E66ED623EB1F3A009E4327 /* Sources */,
				27E66ED723EB1F3A009E4327 /* Frameworks */,
				27E66ED823EB1F3A009E4327 /* Resources */,
			);
			buildRules = (
			);
			dependencies = (
				27E66EDC23EB1F3A009E4327 /* PBXTargetDependency */,
			);
			name = wciscTests;
			productName = wciscTests;
			productReference = 27E66EDA23EB1F3A009E4327 /* wciscTests.xctest */;
			productType = "com.apple.product-type.bundle.unit-test";
		};
		27E66EE423EB1F3A009E4327 /* wciscUITests */ = {
			isa = PBXNativeTarget;
			buildConfigurationList = 27E66EF423EB1F3A009E4327 /* Build configuration list for PBXNativeTarget "wciscUITests" */;
			buildPhases = (
				D6B199D891150D65CD779C6B /* [CP] Check Pods Manifest.lock */,
				27E66EE123EB1F3A009E4327 /* Sources */,
				27E66EE223EB1F3A009E4327 /* Frameworks */,
				27E66EE323EB1F3A009E4327 /* Resources */,
			);
			buildRules = (
			);
			dependencies = (
				27E66EE723EB1F3A009E4327 /* PBXTargetDependency */,
			);
			name = wciscUITests;
			productName = wciscUITests;
			productReference = 27E66EE523EB1F3A009E4327 /* wciscUITests.xctest */;
			productType = "com.apple.product-type.bundle.ui-testing";
		};
/* End PBXNativeTarget section */

/* Begin PBXProject section */
		27E66EB923EB1F32009E4327 /* Project object */ = {
			isa = PBXProject;
			attributes = {
				LastSwiftUpdateCheck = 1130;
				LastUpgradeCheck = 1130;
				ORGANIZATIONNAME = "李灿晨";
				TargetAttributes = {
					27E66EC023EB1F32009E4327 = {
						CreatedOnToolsVersion = 11.3.1;
					};
					27E66ED923EB1F3A009E4327 = {
						CreatedOnToolsVersion = 11.3.1;
						TestTargetID = 27E66EC023EB1F32009E4327;
					};
					27E66EE423EB1F3A009E4327 = {
						CreatedOnToolsVersion = 11.3.1;
						TestTargetID = 27E66EC023EB1F32009E4327;
					};
				};
			};
			buildConfigurationList = 27E66EBC23EB1F32009E4327 /* Build configuration list for PBXProject "wcisc" */;
			compatibilityVersion = "Xcode 9.3";
			developmentRegion = en;
			hasScannedForEncodings = 0;
			knownRegions = (
				en,
				Base,
			);
			mainGroup = 27E66EB823EB1F32009E4327;
			productRefGroup = 27E66EC223EB1F32009E4327 /* Products */;
			projectDirPath = "";
			projectRoot = "";
			targets = (
				27E66EC023EB1F32009E4327 /* wcisc */,
				27E66ED923EB1F3A009E4327 /* wciscTests */,
				27E66EE423EB1F3A009E4327 /* wciscUITests */,
			);
		};
/* End PBXProject section */

/* Begin PBXResourcesBuildPhase section */
		27E66EBF23EB1F32009E4327 /* Resources */ = {
			isa = PBXResourcesBuildPhase;
			buildActionMask = 2147483647;
			files = (
				27E66ED423EB1F3A009E4327 /* LaunchScreen.storyboard in Resources */,
				27E66ED123EB1F3A009E4327 /* Assets.xcassets in Resources */,
				27E66ECC23EB1F32009E4327 /* Main.storyboard in Resources */,
			);
			runOnlyForDeploymentPostprocessing = 0;
		};
		27E66ED823EB1F3A009E4327 /* Resources */ = {
			isa = PBXResourcesBuildPhase;
			buildActionMask = 2147483647;
			files = (
			);
			runOnlyForDeploymentPostprocessing = 0;
		};
		27E66EE323EB1F3A009E4327 /* Resources */ = {
			isa = PBXResourcesBuildPhase;
			buildActionMask = 2147483647;
			files = (
			);
			runOnlyForDeploymentPostprocessing = 0;
		};
/* End PBXResourcesBuildPhase section */

/* Begin PBXShellScriptBuildPhase section */
		4F9AAB0F9B549BF731719D42 /* [CP] Check Pods Manifest.lock */ = {
			isa = PBXShellScriptBuildPhase;
			buildActionMask = 2147483647;
			files = (
			);
			inputFileListPaths = (
			);
			inputPaths = (
				"${PODS_PODFILE_DIR_PATH}/Podfile.lock",
				"${PODS_ROOT}/Manifest.lock",
			);
			name = "[CP] Check Pods Manifest.lock";
			outputFileListPaths = (
			);
			outputPaths = (
				"$(DERIVED_FILE_DIR)/Pods-wcisc-checkManifestLockResult.txt",
			);
			runOnlyForDeploymentPostprocessing = 0;
			shellPath = /bin/sh;
			shellScript = "diff \"${PODS_PODFILE_DIR_PATH}/Podfile.lock\" \"${PODS_ROOT}/Manifest.lock\" > /dev/null\nif [ $? != 0 ] ; then\n    # print error to STDERR\n    echo \"error: The sandbox is not in sync with the Podfile.lock. Run 'pod install' or update your CocoaPods installation.\" >&2\n    exit 1\nfi\n# This output is used by Xcode 'outputs' to avoid re-running this script phase.\necho \"SUCCESS\" > \"${SCRIPT_OUTPUT_FILE_0}\"\n";
			showEnvVarsInLog = 0;
		};
		9F20816E37A4DDDC48A230BA /* [CP] Check Pods Manifest.lock */ = {
			isa = PBXShellScriptBuildPhase;
			buildActionMask = 2147483647;
			files = (
			);
			inputFileListPaths = (
			);
			inputPaths = (
				"${PODS_PODFILE_DIR_PATH}/Podfile.lock",
				"${PODS_ROOT}/Manifest.lock",
			);
			name = "[CP] Check Pods Manifest.lock";
			outputFileListPaths = (
			);
			outputPaths = (
				"$(DERIVED_FILE_DIR)/Pods-wciscTests-checkManifestLockResult.txt",
			);
			runOnlyForDeploymentPostprocessing = 0;
			shellPath = /bin/sh;
			shellScript = "diff \"${PODS_PODFILE_DIR_PATH}/Podfile.lock\" \"${PODS_ROOT}/Manifest.lock\" > /dev/null\nif [ $? != 0 ] ; then\n    # print error to STDERR\n    echo \"error: The sandbox is not in sync with the Podfile.lock. Run 'pod install' or update your CocoaPods installation.\" >&2\n    exit 1\nfi\n# This output is used by Xcode 'outputs' to avoid re-running this script phase.\necho \"SUCCESS\" > \"${SCRIPT_OUTPUT_FILE_0}\"\n";
			showEnvVarsInLog = 0;
		};
		C36E8F48A539AFBE05689BE7 /* [CP] Embed Pods Frameworks */ = {
			isa = PBXShellScriptBuildPhase;
			buildActionMask = 2147483647;
			files = (
			);
			inputFileListPaths = (
			);
			inputPaths = (
				"${PODS_ROOT}/Target Support Files/Pods-wcisc/Pods-wcisc-frameworks.sh",
				"${BUILT_PRODUCTS_DIR}/SVProgressHUD/SVProgressHUD.framework",
			);
			name = "[CP] Embed Pods Frameworks";
			outputFileListPaths = (
			);
			outputPaths = (
				"${TARGET_BUILD_DIR}/${FRAMEWORKS_FOLDER_PATH}/SVProgressHUD.framework",
			);
			runOnlyForDeploymentPostprocessing = 0;
			shellPath = /bin/sh;
			shellScript = "\"${PODS_ROOT}/Target Support Files/Pods-wcisc/Pods-wcisc-frameworks.sh\"\n";
			showEnvVarsInLog = 0;
		};
		D6B199D891150D65CD779C6B /* [CP] Check Pods Manifest.lock */ = {
			isa = PBXShellScriptBuildPhase;
			buildActionMask = 2147483647;
			files = (
			);
			inputFileListPaths = (
			);
			inputPaths = (
				"${PODS_PODFILE_DIR_PATH}/Podfile.lock",
				"${PODS_ROOT}/Manifest.lock",
			);
			name = "[CP] Check Pods Manifest.lock";
			outputFileListPaths = (
			);
			outputPaths = (
				"$(DERIVED_FILE_DIR)/Pods-wciscUITests-checkManifestLockResult.txt",
			);
			runOnlyForDeploymentPostprocessing = 0;
			shellPath = /bin/sh;
			shellScript = "diff \"${PODS_PODFILE_DIR_PATH}/Podfile.lock\" \"${PODS_ROOT}/Manifest.lock\" > /dev/null\nif [ $? != 0 ] ; then\n    # print error to STDERR\n    echo \"error: The sandbox is not in sync with the Podfile.lock. Run 'pod install' or update your CocoaPods installation.\" >&2\n    exit 1\nfi\n# This output is used by Xcode 'outputs' to avoid re-running this script phase.\necho \"SUCCESS\" > \"${SCRIPT_OUTPUT_FILE_0}\"\n";
			showEnvVarsInLog = 0;
		};
/* End PBXShellScriptBuildPhase section */

/* Begin PBXSourcesBuildPhase section */
		27E66EBD23EB1F32009E4327 /* Sources */ = {
			isa = PBXSourcesBuildPhase;
			buildActionMask = 2147483647;
			files = (
				273EC21123FDDDA3006D6042 /* Structures.swift in Sources */,
				27160E1F23FEE8B7000CEF54 /* InfusionLogTableViewCell.swift in Sources */,
				27DBDE6824098AC4005700CF /* BluetoothManager.swift in Sources */,
				272CF5592400414F0069227B /* ManagedInfusionConfiguration+CoreDataProperties.swift in Sources */,
				272CF55A2400414F0069227B /* ManagedInfusionLog+CoreDataClass.swift in Sources */,
				273EC21323FDF32A006D6042 /* SynchronizeViewController.swift in Sources */,
				272CF5582400414F0069227B /* ManagedInfusionConfiguration+CoreDataClass.swift in Sources */,
				272CF55E240043AD0069227B /* Errors.swift in Sources */,
				272CF55124003CD80069227B /* InfusionLogTableViewController.swift in Sources */,
				272CF54F24003B6E0069227B /* Extensions.swift in Sources */,
				27E66EC523EB1F32009E4327 /* AppDelegate.swift in Sources */,
				272CF55B2400414F0069227B /* ManagedInfusionLog+CoreDataProperties.swift in Sources */,
				270DA9FC24006B7900E41C3E /* SettingsTableViewController.swift in Sources */,
				27E66EC723EB1F32009E4327 /* SceneDelegate.swift in Sources */,
				272CF55324003D270069227B /* DataManager.swift in Sources */,
				27E66ECF23EB1F32009E4327 /* wcisc.xcdatamodeld in Sources */,
			);
			runOnlyForDeploymentPostprocessing = 0;
		};
		27E66ED623EB1F3A009E4327 /* Sources */ = {
			isa = PBXSourcesBuildPhase;
			buildActionMask = 2147483647;
			files = (
				27E66EDF23EB1F3A009E4327 /* wciscTests.swift in Sources */,
			);
			runOnlyForDeploymentPostprocessing = 0;
		};
		27E66EE123EB1F3A009E4327 /* Sources */ = {
			isa = PBXSourcesBuildPhase;
			buildActionMask = 2147483647;
			files = (
				27E66EEA23EB1F3A009E4327 /* wciscUITests.swift in Sources */,
			);
			runOnlyForDeploymentPostprocessing = 0;
		};
/* End PBXSourcesBuildPhase section */

/* Begin PBXTargetDependency section */
		27E66EDC23EB1F3A009E4327 /* PBXTargetDependency */ = {
			isa = PBXTargetDependency;
			target = 27E66EC023EB1F32009E4327 /* wcisc */;
			targetProxy = 27E66EDB23EB1F3A009E4327 /* PBXContainerItemProxy */;
		};
		27E66EE723EB1F3A009E4327 /* PBXTargetDependency */ = {
			isa = PBXTargetDependency;
			target = 27E66EC023EB1F32009E4327 /* wcisc */;
			targetProxy = 27E66EE623EB1F3A009E4327 /* PBXContainerItemProxy */;
		};
/* End PBXTargetDependency section */

/* Begin PBXVariantGroup section */
		27E66ECA23EB1F32009E4327 /* Main.storyboard */ = {
			isa = PBXVariantGroup;
			children = (
				27E66ECB23EB1F32009E4327 /* Base */,
			);
			name = Main.storyboard;
			sourceTree = "<group>";
		};
		27E66ED223EB1F3A009E4327 /* LaunchScreen.storyboard */ = {
			isa = PBXVariantGroup;
			children = (
				27E66ED323EB1F3A009E4327 /* Base */,
			);
			name = LaunchScreen.storyboard;
			sourceTree = "<group>";
		};
/* End PBXVariantGroup section */

/* Begin XCBuildConfiguration section */
		27E66EEC23EB1F3A009E4327 /* Debug */ = {
			isa = XCBuildConfiguration;
			buildSettings = {
				ALWAYS_SEARCH_USER_PATHS = NO;
				CLANG_ANALYZER_NONNULL = YES;
				CLANG_ANALYZER_NUMBER_OBJECT_CONVERSION = YES_AGGRESSIVE;
				CLANG_CXX_LANGUAGE_STANDARD = "gnu++14";
				CLANG_CXX_LIBRARY = "libc++";
				CLANG_ENABLE_MODULES = YES;
				CLANG_ENABLE_OBJC_ARC = YES;
				CLANG_ENABLE_OBJC_WEAK = YES;
				CLANG_WARN_BLOCK_CAPTURE_AUTORELEASING = YES;
				CLANG_WARN_BOOL_CONVERSION = YES;
				CLANG_WARN_COMMA = YES;
				CLANG_WARN_CONSTANT_CONVERSION = YES;
				CLANG_WARN_DEPRECATED_OBJC_IMPLEMENTATIONS = YES;
				CLANG_WARN_DIRECT_OBJC_ISA_USAGE = YES_ERROR;
				CLANG_WARN_DOCUMENTATION_COMMENTS = YES;
				CLANG_WARN_EMPTY_BODY = YES;
				CLANG_WARN_ENUM_CONVERSION = YES;
				CLANG_WARN_INFINITE_RECURSION = YES;
				CLANG_WARN_INT_CONVERSION = YES;
				CLANG_WARN_NON_LITERAL_NULL_CONVERSION = YES;
				CLANG_WARN_OBJC_IMPLICIT_RETAIN_SELF = YES;
				CLANG_WARN_OBJC_LITERAL_CONVERSION = YES;
				CLANG_WARN_OBJC_ROOT_CLASS = YES_ERROR;
				CLANG_WARN_RANGE_LOOP_ANALYSIS = YES;
				CLANG_WARN_STRICT_PROTOTYPES = YES;
				CLANG_WARN_SUSPICIOUS_MOVE = YES;
				CLANG_WARN_UNGUARDED_AVAILABILITY = YES_AGGRESSIVE;
				CLANG_WARN_UNREACHABLE_CODE = YES;
				CLANG_WARN__DUPLICATE_METHOD_MATCH = YES;
				COPY_PHASE_STRIP = NO;
				DEBUG_INFORMATION_FORMAT = dwarf;
				ENABLE_STRICT_OBJC_MSGSEND = YES;
				ENABLE_TESTABILITY = YES;
				GCC_C_LANGUAGE_STANDARD = gnu11;
				GCC_DYNAMIC_NO_PIC = NO;
				GCC_NO_COMMON_BLOCKS = YES;
				GCC_OPTIMIZATION_LEVEL = 0;
				GCC_PREPROCESSOR_DEFINITIONS = (
					"DEBUG=1",
					"$(inherited)",
				);
				GCC_WARN_64_TO_32_BIT_CONVERSION = YES;
				GCC_WARN_ABOUT_RETURN_TYPE = YES_ERROR;
				GCC_WARN_UNDECLARED_SELECTOR = YES;
				GCC_WARN_UNINITIALIZED_AUTOS = YES_AGGRESSIVE;
				GCC_WARN_UNUSED_FUNCTION = YES;
				GCC_WARN_UNUSED_VARIABLE = YES;
				IPHONEOS_DEPLOYMENT_TARGET = 13.2;
				MTL_ENABLE_DEBUG_INFO = INCLUDE_SOURCE;
				MTL_FAST_MATH = YES;
				ONLY_ACTIVE_ARCH = YES;
				SDKROOT = iphoneos;
				SWIFT_ACTIVE_COMPILATION_CONDITIONS = DEBUG;
				SWIFT_OPTIMIZATION_LEVEL = "-Onone";
			};
			name = Debug;
		};
		27E66EED23EB1F3A009E4327 /* Release */ = {
			isa = XCBuildConfiguration;
			buildSettings = {
				ALWAYS_SEARCH_USER_PATHS = NO;
				CLANG_ANALYZER_NONNULL = YES;
				CLANG_ANALYZER_NUMBER_OBJECT_CONVERSION = YES_AGGRESSIVE;
				CLANG_CXX_LANGUAGE_STANDARD = "gnu++14";
				CLANG_CXX_LIBRARY = "libc++";
				CLANG_ENABLE_MODULES = YES;
				CLANG_ENABLE_OBJC_ARC = YES;
				CLANG_ENABLE_OBJC_WEAK = YES;
				CLANG_WARN_BLOCK_CAPTURE_AUTORELEASING = YES;
				CLANG_WARN_BOOL_CONVERSION = YES;
				CLANG_WARN_COMMA = YES;
				CLANG_WARN_CONSTANT_CONVERSION = YES;
				CLANG_WARN_DEPRECATED_OBJC_IMPLEMENTATIONS = YES;
				CLANG_WARN_DIRECT_OBJC_ISA_USAGE = YES_ERROR;
				CLANG_WARN_DOCUMENTATION_COMMENTS = YES;
				CLANG_WARN_EMPTY_BODY = YES;
				CLANG_WARN_ENUM_CONVERSION = YES;
				CLANG_WARN_INFINITE_RECURSION = YES;
				CLANG_WARN_INT_CONVERSION = YES;
				CLANG_WARN_NON_LITERAL_NULL_CONVERSION = YES;
				CLANG_WARN_OBJC_IMPLICIT_RETAIN_SELF = YES;
				CLANG_WARN_OBJC_LITERAL_CONVERSION = YES;
				CLANG_WARN_OBJC_ROOT_CLASS = YES_ERROR;
				CLANG_WARN_RANGE_LOOP_ANALYSIS = YES;
				CLANG_WARN_STRICT_PROTOTYPES = YES;
				CLANG_WARN_SUSPICIOUS_MOVE = YES;
				CLANG_WARN_UNGUARDED_AVAILABILITY = YES_AGGRESSIVE;
				CLANG_WARN_UNREACHABLE_CODE = YES;
				CLANG_WARN__DUPLICATE_METHOD_MATCH = YES;
				COPY_PHASE_STRIP = NO;
				DEBUG_INFORMATION_FORMAT = "dwarf-with-dsym";
				ENABLE_NS_ASSERTIONS = NO;
				ENABLE_STRICT_OBJC_MSGSEND = YES;
				GCC_C_LANGUAGE_STANDARD = gnu11;
				GCC_NO_COMMON_BLOCKS = YES;
				GCC_WARN_64_TO_32_BIT_CONVERSION = YES;
				GCC_WARN_ABOUT_RETURN_TYPE = YES_ERROR;
				GCC_WARN_UNDECLARED_SELECTOR = YES;
				GCC_WARN_UNINITIALIZED_AUTOS = YES_AGGRESSIVE;
				GCC_WARN_UNUSED_FUNCTION = YES;
				GCC_WARN_UNUSED_VARIABLE = YES;
				IPHONEOS_DEPLOYMENT_TARGET = 13.2;
				MTL_ENABLE_DEBUG_INFO = NO;
				MTL_FAST_MATH = YES;
				SDKROOT = iphoneos;
				SWIFT_COMPILATION_MODE = wholemodule;
				SWIFT_OPTIMIZATION_LEVEL = "-O";
				VALIDATE_PRODUCT = YES;
			};
			name = Release;
		};
		27E66EEF23EB1F3A009E4327 /* Debug */ = {
			isa = XCBuildConfiguration;
			baseConfigurationReference = 975ACCA9E2B1659D5291A5D8 /* Pods-wcisc.debug.xcconfig */;
			buildSettings = {
				ASSETCATALOG_COMPILER_APPICON_NAME = AppIcon;
				CODE_SIGN_STYLE = Automatic;
				DEVELOPMENT_TEAM = 4C47ZVS5JD;
				INFOPLIST_FILE = wcisc/Info.plist;
				LD_RUNPATH_SEARCH_PATHS = (
					"$(inherited)",
					"@executable_path/Frameworks",
				);
				PRODUCT_BUNDLE_IDENTIFIER = com.Frost.wcisc;
				PRODUCT_NAME = "$(TARGET_NAME)";
				SWIFT_VERSION = 5.0;
				TARGETED_DEVICE_FAMILY = "1,2";
			};
			name = Debug;
		};
		27E66EF023EB1F3A009E4327 /* Release */ = {
			isa = XCBuildConfiguration;
			baseConfigurationReference = 36FE300256FDD7EC47148DE1 /* Pods-wcisc.release.xcconfig */;
			buildSettings = {
				ASSETCATALOG_COMPILER_APPICON_NAME = AppIcon;
				CODE_SIGN_STYLE = Automatic;
				DEVELOPMENT_TEAM = 4C47ZVS5JD;
				INFOPLIST_FILE = wcisc/Info.plist;
				LD_RUNPATH_SEARCH_PATHS = (
					"$(inherited)",
					"@executable_path/Frameworks",
				);
				PRODUCT_BUNDLE_IDENTIFIER = com.Frost.wcisc;
				PRODUCT_NAME = "$(TARGET_NAME)";
				SWIFT_VERSION = 5.0;
				TARGETED_DEVICE_FAMILY = "1,2";
			};
			name = Release;
		};
		27E66EF223EB1F3A009E4327 /* Debug */ = {
			isa = XCBuildConfiguration;
			baseConfigurationReference = 659292803DDDF25F8F4885CB /* Pods-wciscTests.debug.xcconfig */;
			buildSettings = {
				ALWAYS_EMBED_SWIFT_STANDARD_LIBRARIES = YES;
				BUNDLE_LOADER = "$(TEST_HOST)";
				CODE_SIGN_STYLE = Automatic;
				DEVELOPMENT_TEAM = 4C47ZVS5JD;
				INFOPLIST_FILE = wciscTests/Info.plist;
				IPHONEOS_DEPLOYMENT_TARGET = 13.2;
				LD_RUNPATH_SEARCH_PATHS = (
					"$(inherited)",
					"@executable_path/Frameworks",
					"@loader_path/Frameworks",
				);
				PRODUCT_BUNDLE_IDENTIFIER = com.Frost.wciscTests;
				PRODUCT_NAME = "$(TARGET_NAME)";
				SWIFT_VERSION = 5.0;
				TARGETED_DEVICE_FAMILY = "1,2";
				TEST_HOST = "$(BUILT_PRODUCTS_DIR)/wcisc.app/wcisc";
			};
			name = Debug;
		};
		27E66EF323EB1F3A009E4327 /* Release */ = {
			isa = XCBuildConfiguration;
			baseConfigurationReference = CB667FDE28CB9BC91CA442E6 /* Pods-wciscTests.release.xcconfig */;
			buildSettings = {
				ALWAYS_EMBED_SWIFT_STANDARD_LIBRARIES = YES;
				BUNDLE_LOADER = "$(TEST_HOST)";
				CODE_SIGN_STYLE = Automatic;
				DEVELOPMENT_TEAM = 4C47ZVS5JD;
				INFOPLIST_FILE = wciscTests/Info.plist;
				IPHONEOS_DEPLOYMENT_TARGET = 13.2;
				LD_RUNPATH_SEARCH_PATHS = (
					"$(inherited)",
					"@executable_path/Frameworks",
					"@loader_path/Frameworks",
				);
				PRODUCT_BUNDLE_IDENTIFIER = com.Frost.wciscTests;
				PRODUCT_NAME = "$(TARGET_NAME)";
				SWIFT_VERSION = 5.0;
				TARGETED_DEVICE_FAMILY = "1,2";
				TEST_HOST = "$(BUILT_PRODUCTS_DIR)/wcisc.app/wcisc";
			};
			name = Release;
		};
		27E66EF523EB1F3A009E4327 /* Debug */ = {
			isa = XCBuildConfiguration;
			baseConfigurationReference = C17406A88CD1712201457B6A /* Pods-wciscUITests.debug.xcconfig */;
			buildSettings = {
				ALWAYS_EMBED_SWIFT_STANDARD_LIBRARIES = YES;
				CODE_SIGN_STYLE = Automatic;
				DEVELOPMENT_TEAM = 4C47ZVS5JD;
				INFOPLIST_FILE = wciscUITests/Info.plist;
				LD_RUNPATH_SEARCH_PATHS = (
					"$(inherited)",
					"@executable_path/Frameworks",
					"@loader_path/Frameworks",
				);
				PRODUCT_BUNDLE_IDENTIFIER = com.Frost.wciscUITests;
				PRODUCT_NAME = "$(TARGET_NAME)";
				SWIFT_VERSION = 5.0;
				TARGETED_DEVICE_FAMILY = "1,2";
				TEST_TARGET_NAME = wcisc;
			};
			name = Debug;
		};
		27E66EF623EB1F3A009E4327 /* Release */ = {
			isa = XCBuildConfiguration;
			baseConfigurationReference = 19071C48FF2C6C08A3EAB3F0 /* Pods-wciscUITests.release.xcconfig */;
			buildSettings = {
				ALWAYS_EMBED_SWIFT_STANDARD_LIBRARIES = YES;
				CODE_SIGN_STYLE = Automatic;
				DEVELOPMENT_TEAM = 4C47ZVS5JD;
				INFOPLIST_FILE = wciscUITests/Info.plist;
				LD_RUNPATH_SEARCH_PATHS = (
					"$(inherited)",
					"@executable_path/Frameworks",
					"@loader_path/Frameworks",
				);
				PRODUCT_BUNDLE_IDENTIFIER = com.Frost.wciscUITests;
				PRODUCT_NAME = "$(TARGET_NAME)";
				SWIFT_VERSION = 5.0;
				TARGETED_DEVICE_FAMILY = "1,2";
				TEST_TARGET_NAME = wcisc;
			};
			name = Release;
		};
/* End XCBuildConfiguration section */

/* Begin XCConfigurationList section */
		27E66EBC23EB1F32009E4327 /* Build configuration list for PBXProject "wcisc" */ = {
			isa = XCConfigurationList;
			buildConfigurations = (
				27E66EEC23EB1F3A009E4327 /* Debug */,
				27E66EED23EB1F3A009E4327 /* Release */,
			);
			defaultConfigurationIsVisible = 0;
			defaultConfigurationName = Release;
		};
		27E66EEE23EB1F3A009E4327 /* Build configuration list for PBXNativeTarget "wcisc" */ = {
			isa = XCConfigurationList;
			buildConfigurations = (
				27E66EEF23EB1F3A009E4327 /* Debug */,
				27E66EF023EB1F3A009E4327 /* Release */,
			);
			defaultConfigurationIsVisible = 0;
			defaultConfigurationName = Release;
		};
		27E66EF123EB1F3A009E4327 /* Build configuration list for PBXNativeTarget "wciscTests" */ = {
			isa = XCConfigurationList;
			buildConfigurations = (
				27E66EF223EB1F3A009E4327 /* Debug */,
				27E66EF323EB1F3A009E4327 /* Release */,
			);
			defaultConfigurationIsVisible = 0;
			defaultConfigurationName = Release;
		};
		27E66EF423EB1F3A009E4327 /* Build configuration list for PBXNativeTarget "wciscUITests" */ = {
			isa = XCConfigurationList;
			buildConfigurations = (
				27E66EF523EB1F3A009E4327 /* Debug */,
				27E66EF623EB1F3A009E4327 /* Release */,
			);
			defaultConfigurationIsVisible = 0;
			defaultConfigurationName = Release;
		};
/* End XCConfigurationList section */

/* Begin XCVersionGroup section */
		27E66ECD23EB1F32009E4327 /* wcisc.xcdatamodeld */ = {
			isa = XCVersionGroup;
			children = (
				27E66ECE23EB1F32009E4327 /* wcisc.xcdatamodel */,
			);
			currentVersion = 27E66ECE23EB1F32009E4327 /* wcisc.xcdatamodel */;
			path = wcisc.xcdatamodeld;
			sourceTree = "<group>";
			versionGroupType = wrapper.xcdatamodel;
		};
/* End XCVersionGroup section */
	};
	rootObject = 27E66EB923EB1F32009E4327 /* Project object */;
}
